
Microsoft Visual Studio Solution File, Format Version 12.00
# Visual Studio Version 17
VisualStudioVersion = 17.5.33414.496
MinimumVisualStudioVersion = 10.0.40219.1
Project("{FAE04EC0-301F-11D3-BF4B-00C04F79EFBC}") = "EFCorePeliculas", "EFCorePeliculas\EFCorePeliculas.csproj", "{A99E08A4-E2A6-4A72-BBAE-A70DFFAFBF66}"
EndProject
Global
	GlobalSection(SolutionConfigurationPlatforms) = preSolution
		Debug|Any CPU = Debug|Any CPU
		Release|Any CPU = Release|Any CPU
	EndGlobalSection
	GlobalSection(ProjectConfigurationPlatforms) = postSolution
		{A99E08A4-E2A6-4A72-BBAE-A70DFFAFBF66}.Debug|Any CPU.ActiveCfg = Debug|Any CPU
		{A99E08A4-E2A6-4A72-BBAE-A70DFFAFBF66}.Debug|Any CPU.Build.0 = Debug|Any CPU
		{A99E08A4-E2A6-4A72-BBAE-A70DFFAFBF66}.Release|Any CPU.ActiveCfg = Release|Any CPU
		{A99E08A4-E2A6-4A72-BBAE-A70DFFAFBF66}.Release|Any CPU.Build.0 = Release|Any CPU
	EndGlobalSection
	GlobalSection(SolutionProperties) = preSolution
		HideSolutionNode = FALSE
	EndGlobalSection
	GlobalSection(ExtensibilityGlobals) = postSolution
		SolutionGuid = {C46A02B9-3E4F-4F74-8B53-B073A3384162}
	EndGlobalSection
EndGlobal
